
Microsoft Visual Studio Solution File, Format Version 12.00
# Visual Studio Version 17
VisualStudioVersion = 17.10.35122.118
MinimumVisualStudioVersion = 10.0.40219.1
Project("{FAE04EC0-301F-11D3-BF4B-00C04F79EFBC}") = "FastOrder", "FastOrder\FastOrder.csproj", "{5A417C78-6644-4745-B7F2-D275DBA8DA9A}"
EndProject
Global
	GlobalSection(SolutionConfigurationPlatforms) = preSolution
		Debug|Any CPU = Debug|Any CPU
		Release|Any CPU = Release|Any CPU
	EndGlobalSection
	GlobalSection(ProjectConfigurationPlatforms) = postSolution
		{5A417C78-6644-4745-B7F2-D275DBA8DA9A}.Debug|Any CPU.ActiveCfg = Debug|Any CPU
		{5A417C78-6644-4745-B7F2-D275DBA8DA9A}.Debug|Any CPU.Build.0 = Debug|Any CPU
		{5A417C78-6644-4745-B7F2-D275DBA8DA9A}.Release|Any CPU.ActiveCfg = Release|Any CPU
		{5A417C78-6644-4745-B7F2-D275DBA8DA9A}.Release|Any CPU.Build.0 = Release|Any CPU
	EndGlobalSection
	GlobalSection(SolutionProperties) = preSolution
		HideSolutionNode = FALSE
	EndGlobalSection
	GlobalSection(ExtensibilityGlobals) = postSolution
		SolutionGuid = {AE0D3351-306D-4809-8051-9CA56F386C40}
	EndGlobalSection
EndGlobal
